
Microsoft Visual Studio Solution File, Format Version 12.00
# Visual Studio Version 17
VisualStudioVersion = 17.3.32922.545
MinimumVisualStudioVersion = 10.0.40219.1
Project("{FAE04EC0-301F-11D3-BF4B-00C04F79EFBC}") = "double_linked_list", "double_linked_list\double_linked_list.csproj", "{65BA9900-6727-4375-95EF-61ED270C2FC5}"
EndProject
Global
	GlobalSection(SolutionConfigurationPlatforms) = preSolution
		Debug|Any CPU = Debug|Any CPU
		Release|Any CPU = Release|Any CPU
	EndGlobalSection
	GlobalSection(ProjectConfigurationPlatforms) = postSolution
		{65BA9900-6727-4375-95EF-61ED270C2FC5}.Debug|Any CPU.ActiveCfg = Debug|Any CPU
		{65BA9900-6727-4375-95EF-61ED270C2FC5}.Debug|Any CPU.Build.0 = Debug|Any CPU
		{65BA9900-6727-4375-95EF-61ED270C2FC5}.Release|Any CPU.ActiveCfg = Release|Any CPU
		{65BA9900-6727-4375-95EF-61ED270C2FC5}.Release|Any CPU.Build.0 = Release|Any CPU
	EndGlobalSection
	GlobalSection(SolutionProperties) = preSolution
		HideSolutionNode = FALSE
	EndGlobalSection
	GlobalSection(ExtensibilityGlobals) = postSolution
		SolutionGuid = {4F97D2EE-AAD3-4B24-B72D-3936AE994885}
	EndGlobalSection
EndGlobal
